
Microsoft Visual Studio Solution File, Format Version 12.00
# Visual Studio 15
VisualStudioVersion = 15.0.28010.2046
MinimumVisualStudioVersion = 10.0.40219.1
Project("{FAE04EC0-301F-11D3-BF4B-00C04F79EFBC}") = "text43", "text43\text43.csproj", "{08CAE9A4-3EA3-4CFE-B7BC-35F134FF4E80}"
EndProject
Global
	GlobalSection(SolutionConfigurationPlatforms) = preSolution
		Debug|Any CPU = Debug|Any CPU
		Release|Any CPU = Release|Any CPU
	EndGlobalSection
	GlobalSection(ProjectConfigurationPlatforms) = postSolution
		{08CAE9A4-3EA3-4CFE-B7BC-35F134FF4E80}.Debug|Any CPU.ActiveCfg = Debug|Any CPU
		{08CAE9A4-3EA3-4CFE-B7BC-35F134FF4E80}.Debug|Any CPU.Build.0 = Debug|Any CPU
		{08CAE9A4-3EA3-4CFE-B7BC-35F134FF4E80}.Release|Any CPU.ActiveCfg = Release|Any CPU
		{08CAE9A4-3EA3-4CFE-B7BC-35F134FF4E80}.Release|Any CPU.Build.0 = Release|Any CPU
	EndGlobalSection
	GlobalSection(SolutionProperties) = preSolution
		HideSolutionNode = FALSE
	EndGlobalSection
	GlobalSection(ExtensibilityGlobals) = postSolution
		SolutionGuid = {9EBD468C-97D1-420A-BA88-BFEBFBC942F4}
	EndGlobalSection
EndGlobal
