
Microsoft Visual Studio Solution File, Format Version 12.00
# Visual Studio Version 16
VisualStudioVersion = 16.0.29025.244
MinimumVisualStudioVersion = 10.0.40219.1
Project("{FAE04EC0-301F-11D3-BF4B-00C04F79EFBC}") = "recur27", "recur27\recur27.csproj", "{FD3E706E-4D38-4E80-BB97-2E4982254239}"
EndProject
Global
	GlobalSection(SolutionConfigurationPlatforms) = preSolution
		Debug|Any CPU = Debug|Any CPU
		Release|Any CPU = Release|Any CPU
	EndGlobalSection
	GlobalSection(ProjectConfigurationPlatforms) = postSolution
		{FD3E706E-4D38-4E80-BB97-2E4982254239}.Debug|Any CPU.ActiveCfg = Debug|Any CPU
		{FD3E706E-4D38-4E80-BB97-2E4982254239}.Debug|Any CPU.Build.0 = Debug|Any CPU
		{FD3E706E-4D38-4E80-BB97-2E4982254239}.Release|Any CPU.ActiveCfg = Release|Any CPU
		{FD3E706E-4D38-4E80-BB97-2E4982254239}.Release|Any CPU.Build.0 = Release|Any CPU
	EndGlobalSection
	GlobalSection(SolutionProperties) = preSolution
		HideSolutionNode = FALSE
	EndGlobalSection
	GlobalSection(ExtensibilityGlobals) = postSolution
		SolutionGuid = {1FB75F88-B996-45C4-81DF-8D42D91147DB}
	EndGlobalSection
EndGlobal
