
Microsoft Visual Studio Solution File, Format Version 12.00
# Visual Studio Version 16
VisualStudioVersion = 16.0.29025.244
MinimumVisualStudioVersion = 10.0.40219.1
Project("{FAE04EC0-301F-11D3-BF4B-00C04F79EFBC}") = "dynamic32", "dynamic32\dynamic32.csproj", "{ADE920AD-EBF9-4336-B847-E50D1E283BBE}"
EndProject
Global
	GlobalSection(SolutionConfigurationPlatforms) = preSolution
		Debug|Any CPU = Debug|Any CPU
		Release|Any CPU = Release|Any CPU
	EndGlobalSection
	GlobalSection(ProjectConfigurationPlatforms) = postSolution
		{ADE920AD-EBF9-4336-B847-E50D1E283BBE}.Debug|Any CPU.ActiveCfg = Debug|Any CPU
		{ADE920AD-EBF9-4336-B847-E50D1E283BBE}.Debug|Any CPU.Build.0 = Debug|Any CPU
		{ADE920AD-EBF9-4336-B847-E50D1E283BBE}.Release|Any CPU.ActiveCfg = Release|Any CPU
		{ADE920AD-EBF9-4336-B847-E50D1E283BBE}.Release|Any CPU.Build.0 = Release|Any CPU
	EndGlobalSection
	GlobalSection(SolutionProperties) = preSolution
		HideSolutionNode = FALSE
	EndGlobalSection
	GlobalSection(ExtensibilityGlobals) = postSolution
		SolutionGuid = {9D7AC0A2-EBC0-47A1-8C65-79C3A8400988}
	EndGlobalSection
EndGlobal
